
Microsoft Visual Studio Solution File, Format Version 12.00
# Visual Studio Version 17
VisualStudioVersion = 17.7.34202.233
MinimumVisualStudioVersion = 10.0.40219.1
Project("{FAE04EC0-301F-11D3-BF4B-00C04F79EFBC}") = "SpotDiffGame", "SpotDiffGame.csproj", "{B5BF52CB-9C07-4831-8612-D7C246AAAB59}"
EndProject
Global
	GlobalSection(SolutionConfigurationPlatforms) = preSolution
		Debug|Any CPU = Debug|Any CPU
		Release|Any CPU = Release|Any CPU
	EndGlobalSection
	GlobalSection(ProjectConfigurationPlatforms) = postSolution
		{B5BF52CB-9C07-4831-8612-D7C246AAAB59}.Debug|Any CPU.ActiveCfg = Debug|Any CPU
		{B5BF52CB-9C07-4831-8612-D7C246AAAB59}.Debug|Any CPU.Build.0 = Debug|Any CPU
		{B5BF52CB-9C07-4831-8612-D7C246AAAB59}.Release|Any CPU.ActiveCfg = Release|Any CPU
		{B5BF52CB-9C07-4831-8612-D7C246AAAB59}.Release|Any CPU.Build.0 = Release|Any CPU
	EndGlobalSection
	GlobalSection(SolutionProperties) = preSolution
		HideSolutionNode = FALSE
	EndGlobalSection
	GlobalSection(ExtensibilityGlobals) = postSolution
		SolutionGuid = {5A64B8B4-3679-4DB8-8661-7018E964F8E9}
	EndGlobalSection
EndGlobal
